
Microsoft Visual Studio Solution File, Format Version 12.00
# Visual Studio Version 16
VisualStudioVersion = 16.0.31019.35
MinimumVisualStudioVersion = 10.0.40219.1
Project("{FAE04EC0-301F-11D3-BF4B-00C04F79EFBC}") = "module7", "module7\module7.csproj", "{952C2226-92E8-4F07-B372-2D88E245FEF3}"
EndProject
Project("{FAE04EC0-301F-11D3-BF4B-00C04F79EFBC}") = "TanksLib", "Tanks\TanksLib.csproj", "{15B63F85-84A2-413A-8E56-E13E9B54E84E}"
EndProject
Global
	GlobalSection(SolutionConfigurationPlatforms) = preSolution
		Debug|Any CPU = Debug|Any CPU
		Release|Any CPU = Release|Any CPU
	EndGlobalSection
	GlobalSection(ProjectConfigurationPlatforms) = postSolution
		{952C2226-92E8-4F07-B372-2D88E245FEF3}.Debug|Any CPU.ActiveCfg = Debug|Any CPU
		{952C2226-92E8-4F07-B372-2D88E245FEF3}.Debug|Any CPU.Build.0 = Debug|Any CPU
		{952C2226-92E8-4F07-B372-2D88E245FEF3}.Release|Any CPU.ActiveCfg = Release|Any CPU
		{952C2226-92E8-4F07-B372-2D88E245FEF3}.Release|Any CPU.Build.0 = Release|Any CPU
		{15B63F85-84A2-413A-8E56-E13E9B54E84E}.Debug|Any CPU.ActiveCfg = Debug|Any CPU
		{15B63F85-84A2-413A-8E56-E13E9B54E84E}.Debug|Any CPU.Build.0 = Debug|Any CPU
		{15B63F85-84A2-413A-8E56-E13E9B54E84E}.Release|Any CPU.ActiveCfg = Release|Any CPU
		{15B63F85-84A2-413A-8E56-E13E9B54E84E}.Release|Any CPU.Build.0 = Release|Any CPU
	EndGlobalSection
	GlobalSection(SolutionProperties) = preSolution
		HideSolutionNode = FALSE
	EndGlobalSection
	GlobalSection(ExtensibilityGlobals) = postSolution
		SolutionGuid = {698D5D8D-B2D1-47E8-9864-E09E9FBB531F}
	EndGlobalSection
EndGlobal
